
Microsoft Visual Studio Solution File, Format Version 12.00
# Visual Studio Version 17
VisualStudioVersion = 17.5.33516.290
MinimumVisualStudioVersion = 10.0.40219.1
Project("{9A19103F-16F7-4668-BE54-9A1E7A4F7556}") = "Day1", "Day1\Day1.csproj", "{ABF85ECF-E53A-4F68-86F1-8F12BDC83D77}"
EndProject
Project("{9A19103F-16F7-4668-BE54-9A1E7A4F7556}") = "Day2", "Day2\Day2.csproj", "{C434BCBA-421E-4219-AEA5-B2123E011CCB}"
EndProject
Project("{9A19103F-16F7-4668-BE54-9A1E7A4F7556}") = "Day3", "Day3\Day3.csproj", "{9FAE2B71-0692-41F8-AF2A-F85C7B8F0F97}"
EndProject
Project("{9A19103F-16F7-4668-BE54-9A1E7A4F7556}") = "Day4", "Day4\Day4.csproj", "{A981CEDC-7AF2-46FB-9CDC-42C339A7245F}"
EndProject
Project("{9A19103F-16F7-4668-BE54-9A1E7A4F7556}") = "Util", "Util\Util.csproj", "{B95B0420-9377-41EC-A6F2-20CCAFE1EDF7}"
EndProject
Project("{9A19103F-16F7-4668-BE54-9A1E7A4F7556}") = "Day5", "Day5\Day5.csproj", "{11310AE5-3487-4D67-AEC2-6AB5D498C683}"
EndProject
Project("{9A19103F-16F7-4668-BE54-9A1E7A4F7556}") = "Day6", "Day6\Day6.csproj", "{8FE81CBE-98E9-437C-8EEB-C2A93C2DC232}"
EndProject
Project("{9A19103F-16F7-4668-BE54-9A1E7A4F7556}") = "Day7", "Day7\Day7.csproj", "{14011C12-2F61-4743-9909-EF916870BACF}"
EndProject
Project("{9A19103F-16F7-4668-BE54-9A1E7A4F7556}") = "Day8", "Day8\Day8.csproj", "{C3232FD1-9830-4FFC-9E5C-6977FBC66BB8}"
EndProject
Project("{FAE04EC0-301F-11D3-BF4B-00C04F79EFBC}") = "Day9", "Day9\Day9.csproj", "{1A8F1E1F-7E14-4A84-959C-439DC54F414F}"
EndProject
Global
	GlobalSection(SolutionConfigurationPlatforms) = preSolution
		Debug|Any CPU = Debug|Any CPU
		Release|Any CPU = Release|Any CPU
	EndGlobalSection
	GlobalSection(ProjectConfigurationPlatforms) = postSolution
		{ABF85ECF-E53A-4F68-86F1-8F12BDC83D77}.Debug|Any CPU.ActiveCfg = Debug|Any CPU
		{ABF85ECF-E53A-4F68-86F1-8F12BDC83D77}.Debug|Any CPU.Build.0 = Debug|Any CPU
		{ABF85ECF-E53A-4F68-86F1-8F12BDC83D77}.Release|Any CPU.ActiveCfg = Release|Any CPU
		{ABF85ECF-E53A-4F68-86F1-8F12BDC83D77}.Release|Any CPU.Build.0 = Release|Any CPU
		{C434BCBA-421E-4219-AEA5-B2123E011CCB}.Debug|Any CPU.ActiveCfg = Debug|Any CPU
		{C434BCBA-421E-4219-AEA5-B2123E011CCB}.Debug|Any CPU.Build.0 = Debug|Any CPU
		{C434BCBA-421E-4219-AEA5-B2123E011CCB}.Release|Any CPU.ActiveCfg = Release|Any CPU
		{C434BCBA-421E-4219-AEA5-B2123E011CCB}.Release|Any CPU.Build.0 = Release|Any CPU
		{9FAE2B71-0692-41F8-AF2A-F85C7B8F0F97}.Debug|Any CPU.ActiveCfg = Debug|Any CPU
		{9FAE2B71-0692-41F8-AF2A-F85C7B8F0F97}.Debug|Any CPU.Build.0 = Debug|Any CPU
		{9FAE2B71-0692-41F8-AF2A-F85C7B8F0F97}.Release|Any CPU.ActiveCfg = Release|Any CPU
		{9FAE2B71-0692-41F8-AF2A-F85C7B8F0F97}.Release|Any CPU.Build.0 = Release|Any CPU
		{A981CEDC-7AF2-46FB-9CDC-42C339A7245F}.Debug|Any CPU.ActiveCfg = Debug|Any CPU
		{A981CEDC-7AF2-46FB-9CDC-42C339A7245F}.Debug|Any CPU.Build.0 = Debug|Any CPU
		{A981CEDC-7AF2-46FB-9CDC-42C339A7245F}.Release|Any CPU.ActiveCfg = Release|Any CPU
		{A981CEDC-7AF2-46FB-9CDC-42C339A7245F}.Release|Any CPU.Build.0 = Release|Any CPU
		{B95B0420-9377-41EC-A6F2-20CCAFE1EDF7}.Debug|Any CPU.ActiveCfg = Debug|Any CPU
		{B95B0420-9377-41EC-A6F2-20CCAFE1EDF7}.Debug|Any CPU.Build.0 = Debug|Any CPU
		{B95B0420-9377-41EC-A6F2-20CCAFE1EDF7}.Release|Any CPU.ActiveCfg = Release|Any CPU
		{B95B0420-9377-41EC-A6F2-20CCAFE1EDF7}.Release|Any CPU.Build.0 = Release|Any CPU
		{11310AE5-3487-4D67-AEC2-6AB5D498C683}.Debug|Any CPU.ActiveCfg = Debug|Any CPU
		{11310AE5-3487-4D67-AEC2-6AB5D498C683}.Debug|Any CPU.Build.0 = Debug|Any CPU
		{11310AE5-3487-4D67-AEC2-6AB5D498C683}.Release|Any CPU.ActiveCfg = Release|Any CPU
		{11310AE5-3487-4D67-AEC2-6AB5D498C683}.Release|Any CPU.Build.0 = Release|Any CPU
		{8FE81CBE-98E9-437C-8EEB-C2A93C2DC232}.Debug|Any CPU.ActiveCfg = Debug|Any CPU
		{8FE81CBE-98E9-437C-8EEB-C2A93C2DC232}.Debug|Any CPU.Build.0 = Debug|Any CPU
		{8FE81CBE-98E9-437C-8EEB-C2A93C2DC232}.Release|Any CPU.ActiveCfg = Release|Any CPU
		{8FE81CBE-98E9-437C-8EEB-C2A93C2DC232}.Release|Any CPU.Build.0 = Release|Any CPU
		{14011C12-2F61-4743-9909-EF916870BACF}.Debug|Any CPU.ActiveCfg = Debug|Any CPU
		{14011C12-2F61-4743-9909-EF916870BACF}.Debug|Any CPU.Build.0 = Debug|Any CPU
		{14011C12-2F61-4743-9909-EF916870BACF}.Release|Any CPU.ActiveCfg = Release|Any CPU
		{14011C12-2F61-4743-9909-EF916870BACF}.Release|Any CPU.Build.0 = Release|Any CPU
		{C3232FD1-9830-4FFC-9E5C-6977FBC66BB8}.Debug|Any CPU.ActiveCfg = Debug|Any CPU
		{C3232FD1-9830-4FFC-9E5C-6977FBC66BB8}.Debug|Any CPU.Build.0 = Debug|Any CPU
		{C3232FD1-9830-4FFC-9E5C-6977FBC66BB8}.Release|Any CPU.ActiveCfg = Release|Any CPU
		{C3232FD1-9830-4FFC-9E5C-6977FBC66BB8}.Release|Any CPU.Build.0 = Release|Any CPU
		{1A8F1E1F-7E14-4A84-959C-439DC54F414F}.Debug|Any CPU.ActiveCfg = Debug|Any CPU
		{1A8F1E1F-7E14-4A84-959C-439DC54F414F}.Debug|Any CPU.Build.0 = Debug|Any CPU
		{1A8F1E1F-7E14-4A84-959C-439DC54F414F}.Release|Any CPU.ActiveCfg = Release|Any CPU
		{1A8F1E1F-7E14-4A84-959C-439DC54F414F}.Release|Any CPU.Build.0 = Release|Any CPU
	EndGlobalSection
	GlobalSection(SolutionProperties) = preSolution
		HideSolutionNode = FALSE
	EndGlobalSection
	GlobalSection(ExtensibilityGlobals) = postSolution
		SolutionGuid = {427C1330-90B4-463F-8351-1CE7F8799571}
	EndGlobalSection
EndGlobal
